
Microsoft Visual Studio Solution File, Format Version 12.00
# Visual Studio Version 16
VisualStudioVersion = 25.0.1703.6
MinimumVisualStudioVersion = 10.0.40219.1
Project("{FAE04EC0-301F-11D3-BF4B-00C04F79EFBC}") = "AlgorithmDataStructure", "AlgorithmDataStructure\AlgorithmDataStructure.csproj", "{45F5EC54-0FE7-45C6-9191-B9549B762861}"
EndProject
Global
	GlobalSection(SolutionConfigurationPlatforms) = preSolution
		Debug|Any CPU = Debug|Any CPU
		Release|Any CPU = Release|Any CPU
	EndGlobalSection
	GlobalSection(ProjectConfigurationPlatforms) = postSolution
		{45F5EC54-0FE7-45C6-9191-B9549B762861}.Debug|Any CPU.ActiveCfg = Debug|Any CPU
		{45F5EC54-0FE7-45C6-9191-B9549B762861}.Debug|Any CPU.Build.0 = Debug|Any CPU
		{45F5EC54-0FE7-45C6-9191-B9549B762861}.Release|Any CPU.ActiveCfg = Release|Any CPU
		{45F5EC54-0FE7-45C6-9191-B9549B762861}.Release|Any CPU.Build.0 = Release|Any CPU
	EndGlobalSection
	GlobalSection(SolutionProperties) = preSolution
		HideSolutionNode = FALSE
	EndGlobalSection
	GlobalSection(ExtensibilityGlobals) = postSolution
		SolutionGuid = {D342713C-30A0-48FB-8929-F2FBE0AA38FE}
	EndGlobalSection
EndGlobal
